
Microsoft Visual Studio Solution File, Format Version 12.00
# Visual Studio Version 17
VisualStudioVersion = 17.13.35818.85 d17.13
MinimumVisualStudioVersion = 10.0.40219.1
Project("{2150E333-8FDC-42A3-9474-1A3956D46DE8}") = "Core", "Core", "{02EA681E-C7D8-13C7-8484-4AC65E1B71E8}"
EndProject
Project("{2150E333-8FDC-42A3-9474-1A3956D46DE8}") = "Infrastructure", "Infrastructure", "{C84096F8-4252-4A67-ABB2-99ED062FA883}"
EndProject
Project("{2150E333-8FDC-42A3-9474-1A3956D46DE8}") = "Presentation", "Presentation", "{BB19FEDA-CBA4-433E-B74A-71BC1927D166}"
EndProject
Project("{FAE04EC0-301F-11D3-BF4B-00C04F79EFBC}") = "ECommerceApp.Application", "Core\ECommerceApp.Application\ECommerceApp.Application.csproj", "{F82A413A-CA87-4067-BB49-F04C81F46E46}"
EndProject
Project("{FAE04EC0-301F-11D3-BF4B-00C04F79EFBC}") = "ECommerceApp.Domain", "Core\ECommerceApp.Domain\ECommerceApp.Domain.csproj", "{1542CFC6-724D-4531-9197-02F698CC6EE9}"
EndProject
Project("{FAE04EC0-301F-11D3-BF4B-00C04F79EFBC}") = "ECommerceApp.Infrastructure", "Infrastructure\ECommerceApp.Infrastructure\ECommerceApp.Infrastructure.csproj", "{55FE32DE-DE0E-4CCB-89E2-F06120103EE0}"
EndProject
Project("{FAE04EC0-301F-11D3-BF4B-00C04F79EFBC}") = "ECommerceApp.Persistence", "Infrastructure\ECommerceApp.Persistence\ECommerceApp.Persistence.csproj", "{B7AB0FC7-F423-4320-B271-7AED37CDCED6}"
EndProject
Project("{FAE04EC0-301F-11D3-BF4B-00C04F79EFBC}") = "ECommerceApp.API", "Presentation\ECommerceApp.API\ECommerceApp.API.csproj", "{3692F553-B92C-48DD-A04C-FDB66C5034E4}"
EndProject
Global
	GlobalSection(SolutionConfigurationPlatforms) = preSolution
		Debug|Any CPU = Debug|Any CPU
		Release|Any CPU = Release|Any CPU
	EndGlobalSection
	GlobalSection(ProjectConfigurationPlatforms) = postSolution
		{F82A413A-CA87-4067-BB49-F04C81F46E46}.Debug|Any CPU.ActiveCfg = Debug|Any CPU
		{F82A413A-CA87-4067-BB49-F04C81F46E46}.Debug|Any CPU.Build.0 = Debug|Any CPU
		{F82A413A-CA87-4067-BB49-F04C81F46E46}.Release|Any CPU.ActiveCfg = Release|Any CPU
		{F82A413A-CA87-4067-BB49-F04C81F46E46}.Release|Any CPU.Build.0 = Release|Any CPU
		{1542CFC6-724D-4531-9197-02F698CC6EE9}.Debug|Any CPU.ActiveCfg = Debug|Any CPU
		{1542CFC6-724D-4531-9197-02F698CC6EE9}.Debug|Any CPU.Build.0 = Debug|Any CPU
		{1542CFC6-724D-4531-9197-02F698CC6EE9}.Release|Any CPU.ActiveCfg = Release|Any CPU
		{1542CFC6-724D-4531-9197-02F698CC6EE9}.Release|Any CPU.Build.0 = Release|Any CPU
		{55FE32DE-DE0E-4CCB-89E2-F06120103EE0}.Debug|Any CPU.ActiveCfg = Debug|Any CPU
		{55FE32DE-DE0E-4CCB-89E2-F06120103EE0}.Debug|Any CPU.Build.0 = Debug|Any CPU
		{55FE32DE-DE0E-4CCB-89E2-F06120103EE0}.Release|Any CPU.ActiveCfg = Release|Any CPU
		{55FE32DE-DE0E-4CCB-89E2-F06120103EE0}.Release|Any CPU.Build.0 = Release|Any CPU
		{B7AB0FC7-F423-4320-B271-7AED37CDCED6}.Debug|Any CPU.ActiveCfg = Debug|Any CPU
		{B7AB0FC7-F423-4320-B271-7AED37CDCED6}.Debug|Any CPU.Build.0 = Debug|Any CPU
		{B7AB0FC7-F423-4320-B271-7AED37CDCED6}.Release|Any CPU.ActiveCfg = Release|Any CPU
		{B7AB0FC7-F423-4320-B271-7AED37CDCED6}.Release|Any CPU.Build.0 = Release|Any CPU
		{3692F553-B92C-48DD-A04C-FDB66C5034E4}.Debug|Any CPU.ActiveCfg = Debug|Any CPU
		{3692F553-B92C-48DD-A04C-FDB66C5034E4}.Debug|Any CPU.Build.0 = Debug|Any CPU
		{3692F553-B92C-48DD-A04C-FDB66C5034E4}.Release|Any CPU.ActiveCfg = Release|Any CPU
		{3692F553-B92C-48DD-A04C-FDB66C5034E4}.Release|Any CPU.Build.0 = Release|Any CPU
	EndGlobalSection
	GlobalSection(SolutionProperties) = preSolution
		HideSolutionNode = FALSE
	EndGlobalSection
	GlobalSection(NestedProjects) = preSolution
		{F82A413A-CA87-4067-BB49-F04C81F46E46} = {02EA681E-C7D8-13C7-8484-4AC65E1B71E8}
		{1542CFC6-724D-4531-9197-02F698CC6EE9} = {02EA681E-C7D8-13C7-8484-4AC65E1B71E8}
		{55FE32DE-DE0E-4CCB-89E2-F06120103EE0} = {C84096F8-4252-4A67-ABB2-99ED062FA883}
		{B7AB0FC7-F423-4320-B271-7AED37CDCED6} = {C84096F8-4252-4A67-ABB2-99ED062FA883}
		{3692F553-B92C-48DD-A04C-FDB66C5034E4} = {BB19FEDA-CBA4-433E-B74A-71BC1927D166}
	EndGlobalSection
	GlobalSection(ExtensibilityGlobals) = postSolution
		SolutionGuid = {7055FBB7-9606-4D19-A70F-2F941B550D5F}
	EndGlobalSection
EndGlobal
